<?xml version="1.0" encoding="utf-8"?>
<Project ToolsVersion="4.0" xmlns="http://schemas.microsoft.com/developer/msbuild/2003">
  <ItemGroup>
    <Filter Include="win32">
      <UniqueIdentifier>{84a8ebd7-7cf0-47f6-b75e-d441df67da40}</UniqueIdentifier>
    </Filter>
    <Filter Include="resource">
      <UniqueIdentifier>{715254bc-d70b-4ec5-bf29-467dd3ace079}</UniqueIdentifier>
    </Filter>
    <Filter Include="src">
      <UniqueIdentifier>{bb6c862e-70e9-49d9-81b7-3829a6f50471}</UniqueIdentifier>
    </Filter>
    <Filter Include="坦克大战源码">
      <UniqueIdentifier>{799686bb-c1d8-40f3-8fdf-4171c438ec69}</UniqueIdentifier>
    </Filter>
    <Filter Include="坦克大战源码\场景关卡">
      <UniqueIdentifier>{9432a59e-e2d6-4eb5-9f69-cdaadd67f04e}</UniqueIdentifier>
    </Filter>
    <Filter Include="坦克大战源码\场景关卡\场景管理">
      <UniqueIdentifier>{f84bd4e5-7757-49ae-84e6-19c38053ad40}</UniqueIdentifier>
    </Filter>
    <Filter Include="坦克大战源码\控制器">
      <UniqueIdentifier>{ed412c8b-ca4f-4f56-bf94-059d47aad71e}</UniqueIdentifier>
    </Filter>
    <Filter Include="坦克大战源码\控制器\移动控制器">
      <UniqueIdentifier>{23617396-0b36-472a-852b-a10cb2b57165}</UniqueIdentifier>
    </Filter>
    <Filter Include="坦克大战源码\声音类">
      <UniqueIdentifier>{dbb742ca-0ffc-462e-b4bf-a2ac1afc24a9}</UniqueIdentifier>
    </Filter>
    <Filter Include="坦克大战源码\csv">
      <UniqueIdentifier>{2dd8f0d5-08cb-47f1-b34c-60109d80a526}</UniqueIdentifier>
    </Filter>
    <Filter Include="坦克大战源码\csv\StringUtil">
      <UniqueIdentifier>{2a6e0225-14c8-493d-829f-e00598eaf91f}</UniqueIdentifier>
    </Filter>
    <Filter Include="坦克大战源码\参数配置">
      <UniqueIdentifier>{94c5862b-fb0f-49d1-9554-38e001e04a39}</UniqueIdentifier>
    </Filter>
    <Filter Include="坦克大战源码\实体">
      <UniqueIdentifier>{c4822bcf-2c57-4444-b5de-42bb13259cf7}</UniqueIdentifier>
    </Filter>
    <Filter Include="坦克大战源码\实体\实体基类">
      <UniqueIdentifier>{05ae860d-1122-4f2b-bde0-5877f8cbd160}</UniqueIdentifier>
    </Filter>
    <Filter Include="坦克大战源码\实体\坦克类">
      <UniqueIdentifier>{a514c217-55a1-4675-a461-f3d0f9f8ca5d}</UniqueIdentifier>
    </Filter>
    <Filter Include="坦克大战源码\实体\坦克类\己方坦克">
      <UniqueIdentifier>{f90391a8-fc21-4744-adfc-53c56c470cdf}</UniqueIdentifier>
    </Filter>
    <Filter Include="坦克大战源码\实体\坦克类\己方坦克\坦克炮台">
      <UniqueIdentifier>{b8d6c364-9217-4aa1-a7da-a478c0fb1788}</UniqueIdentifier>
    </Filter>
    <Filter Include="坦克大战源码\实体\坦克类\敌方坦克">
      <UniqueIdentifier>{8cf6296b-b4d6-4577-9ede-c6ec4c6bf6ee}</UniqueIdentifier>
    </Filter>
    <Filter Include="坦克大战源码\实体\坦克类\敌方坦克\敌方控制器">
      <UniqueIdentifier>{d1a69751-5340-4560-b2bd-428fad7c1cac}</UniqueIdentifier>
    </Filter>
    <Filter Include="坦克大战源码\实体\坦克类\坦克控制器">
      <UniqueIdentifier>{74a3faca-c1ec-412e-a74f-9d79c04ec370}</UniqueIdentifier>
    </Filter>
    <Filter Include="坦克大战源码\实体\子弹类">
      <UniqueIdentifier>{b37f09e1-037c-49c6-8f31-310fed180abd}</UniqueIdentifier>
    </Filter>
    <Filter Include="坦克大战源码\实体\子弹类\子弹基类">
      <UniqueIdentifier>{52109003-bdcb-4006-bf8a-758a66ad4665}</UniqueIdentifier>
    </Filter>
    <Filter Include="坦克大战源码\实体\子弹类\子弹控制器">
      <UniqueIdentifier>{3ae9c5f3-d8d3-49e4-8768-1b8e1e48c1f3}</UniqueIdentifier>
    </Filter>
    <Filter Include="坦克大战源码\实体\基地类">
      <UniqueIdentifier>{2d216c9f-6ffe-49f4-81d4-6dda78e5bbe0}</UniqueIdentifier>
    </Filter>
    <Filter Include="坦克大战源码\实体\特殊物品效果">
      <UniqueIdentifier>{a74d17b7-f967-499e-905a-3929c594905d}</UniqueIdentifier>
    </Filter>
    <Filter Include="坦克大战源码\实体\特殊物品效果\物品控制器">
      <UniqueIdentifier>{1309a974-fd9b-4115-9999-c1dde23f96ac}</UniqueIdentifier>
    </Filter>
    <Filter Include="坦克大战源码\实体\特殊物品效果\特殊物品">
      <UniqueIdentifier>{3affa127-e6c0-4dea-8b14-c4ce45082218}</UniqueIdentifier>
    </Filter>
    <Filter Include="坦克大战源码\实体\特殊物品效果\特殊物品基类">
      <UniqueIdentifier>{5b3aef56-c116-46cf-a610-ead72dfe249a}</UniqueIdentifier>
    </Filter>
    <Filter Include="坦克大战源码\虚拟摇杆">
      <UniqueIdentifier>{e90ea2db-86ab-4180-b43c-c68d2ba15a8b}</UniqueIdentifier>
    </Filter>
  </ItemGroup>
  <ItemGroup>
    <ClCompile Include="main.cpp">
      <Filter>win32</Filter>
    </ClCompile>
    <ClCompile Include="..\Classes\AppDelegate.cpp">
      <Filter>src</Filter>
    </ClCompile>
    <ClCompile Include="..\Classes\HelloWorldScene.cpp">
      <Filter>src</Filter>
    </ClCompile>
    <ClCompile Include="..\Classes\Entity.cpp">
      <Filter>坦克大战源码\实体\实体基类</Filter>
    </ClCompile>
    <ClCompile Include="..\Classes\TankCanon.cpp">
      <Filter>坦克大战源码\实体\坦克类\己方坦克\坦克炮台</Filter>
    </ClCompile>
    <ClCompile Include="..\Classes\MoveController.cpp">
      <Filter>坦克大战源码\控制器\移动控制器</Filter>
    </ClCompile>
    <ClCompile Include="..\Classes\GameScene.cpp">
      <Filter>坦克大战源码\场景关卡\场景管理</Filter>
    </ClCompile>
    <ClCompile Include="..\Classes\CsvData.cpp">
      <Filter>坦克大战源码\csv</Filter>
    </ClCompile>
    <ClCompile Include="..\Classes\CsvUtil.cpp">
      <Filter>坦克大战源码\csv</Filter>
    </ClCompile>
    <ClCompile Include="..\Classes\StringUtil.cpp">
      <Filter>坦克大战源码\csv\StringUtil</Filter>
    </ClCompile>
    <ClCompile Include="..\Classes\HeroTank.cpp">
      <Filter>坦克大战源码\实体\坦克类\己方坦克</Filter>
    </ClCompile>
    <ClCompile Include="..\Classes\EnemyController.cpp">
      <Filter>坦克大战源码\实体\坦克类\敌方坦克\敌方控制器</Filter>
    </ClCompile>
    <ClCompile Include="..\Classes\EnemyTank.cpp">
      <Filter>坦克大战源码\实体\坦克类\敌方坦克</Filter>
    </ClCompile>
    <ClCompile Include="..\Classes\TankController.cpp">
      <Filter>坦克大战源码\实体\坦克类\坦克控制器</Filter>
    </ClCompile>
    <ClCompile Include="..\Classes\Joystick.cpp">
      <Filter>坦克大战源码\虚拟摇杆</Filter>
    </ClCompile>
  </ItemGroup>
  <ItemGroup>
    <ClInclude Include="main.h">
      <Filter>win32</Filter>
    </ClInclude>
    <ClInclude Include="..\Classes\AppDelegate.h">
      <Filter>src</Filter>
    </ClInclude>
    <ClInclude Include="..\Classes\HelloWorldScene.h">
      <Filter>src</Filter>
    </ClInclude>
    <ClInclude Include="..\Classes\Entity.h">
      <Filter>坦克大战源码\实体\实体基类</Filter>
    </ClInclude>
    <ClInclude Include="..\Classes\TankCanon.h">
      <Filter>坦克大战源码\实体\坦克类\己方坦克\坦克炮台</Filter>
    </ClInclude>
    <ClInclude Include="..\Classes\MoveController.h">
      <Filter>坦克大战源码\控制器\移动控制器</Filter>
    </ClInclude>
    <ClInclude Include="..\Classes\GameScene.h">
      <Filter>坦克大战源码\场景关卡\场景管理</Filter>
    </ClInclude>
    <ClInclude Include="..\Classes\CsvData.h">
      <Filter>坦克大战源码\csv</Filter>
    </ClInclude>
    <ClInclude Include="..\Classes\CsvUtil.h">
      <Filter>坦克大战源码\csv</Filter>
    </ClInclude>
    <ClInclude Include="..\Classes\StringUtil.h">
      <Filter>坦克大战源码\csv\StringUtil</Filter>
    </ClInclude>
    <ClInclude Include="..\Classes\HeroTank.h">
      <Filter>坦克大战源码\实体\坦克类\己方坦克</Filter>
    </ClInclude>
    <ClInclude Include="..\Classes\EnemyController.h">
      <Filter>坦克大战源码\实体\坦克类\敌方坦克\敌方控制器</Filter>
    </ClInclude>
    <ClInclude Include="..\Classes\EnemyTank.h">
      <Filter>坦克大战源码\实体\坦克类\敌方坦克</Filter>
    </ClInclude>
    <ClInclude Include="..\Classes\TankController.h">
      <Filter>坦克大战源码\实体\坦克类\坦克控制器</Filter>
    </ClInclude>
    <ClInclude Include="..\Classes\EnumTankTypeConfig.h">
      <Filter>坦克大战源码\参数配置</Filter>
    </ClInclude>
    <ClInclude Include="..\Classes\Joystick.h">
      <Filter>坦克大战源码\虚拟摇杆</Filter>
    </ClInclude>
  </ItemGroup>
  <ItemGroup>
    <ResourceCompile Include="game.rc">
      <Filter>resource</Filter>
    </ResourceCompile>
  </ItemGroup>
</Project>